
Microsoft Visual Studio Solution File, Format Version 12.00
# Visual Studio Version 16
VisualStudioVersion = 16.0.28803.202
MinimumVisualStudioVersion = 10.0.40219.1
Project("{FAE04EC0-301F-11D3-BF4B-00C04F79EFBC}") = "StrumentiMusicali.Library", "StrumentiMusicaliSql\StrumentiMusicali.Library.csproj", "{114B9DB5-6A31-4D89-BBB8-7AE7DD1A25C6}"
EndProject
Project("{FAE04EC0-301F-11D3-BF4B-00C04F79EFBC}") = "StrumentiMusicali.App", "StrumentiMusicaliApp\StrumentiMusicali.App.csproj", "{E6A4D0F6-DC39-431E-A562-AC0C4465BEA4}"
EndProject
Project("{FAE04EC0-301F-11D3-BF4B-00C04F79EFBC}") = "TestModel", "TestMOdel\TestModel.csproj", "{C3C03C6E-9B6E-4404-9CB6-4A2F001869EB}"
	ProjectSection(ProjectDependencies) = postProject
		{114B9DB5-6A31-4D89-BBB8-7AE7DD1A25C6} = {114B9DB5-6A31-4D89-BBB8-7AE7DD1A25C6}
	EndProjectSection
EndProject
Project("{FAE04EC0-301F-11D3-BF4B-00C04F79EFBC}") = "testForm", "testForm\testForm.csproj", "{421D2CAB-412B-481D-888F-E839945B6B9D}"
EndProject
Global
	GlobalSection(SolutionConfigurationPlatforms) = preSolution
		Debug|Any CPU = Debug|Any CPU
		Release|Any CPU = Release|Any CPU
	EndGlobalSection
	GlobalSection(ProjectConfigurationPlatforms) = postSolution
		{114B9DB5-6A31-4D89-BBB8-7AE7DD1A25C6}.Debug|Any CPU.ActiveCfg = Debug|Any CPU
		{114B9DB5-6A31-4D89-BBB8-7AE7DD1A25C6}.Debug|Any CPU.Build.0 = Debug|Any CPU
		{114B9DB5-6A31-4D89-BBB8-7AE7DD1A25C6}.Release|Any CPU.ActiveCfg = Release|Any CPU
		{114B9DB5-6A31-4D89-BBB8-7AE7DD1A25C6}.Release|Any CPU.Build.0 = Release|Any CPU
		{E6A4D0F6-DC39-431E-A562-AC0C4465BEA4}.Debug|Any CPU.ActiveCfg = Debug|Any CPU
		{E6A4D0F6-DC39-431E-A562-AC0C4465BEA4}.Debug|Any CPU.Build.0 = Debug|Any CPU
		{E6A4D0F6-DC39-431E-A562-AC0C4465BEA4}.Release|Any CPU.ActiveCfg = Release|Any CPU
		{E6A4D0F6-DC39-431E-A562-AC0C4465BEA4}.Release|Any CPU.Build.0 = Release|Any CPU
		{C3C03C6E-9B6E-4404-9CB6-4A2F001869EB}.Debug|Any CPU.ActiveCfg = Debug|Any CPU
		{C3C03C6E-9B6E-4404-9CB6-4A2F001869EB}.Release|Any CPU.ActiveCfg = Release|Any CPU
		{C3C03C6E-9B6E-4404-9CB6-4A2F001869EB}.Release|Any CPU.Build.0 = Release|Any CPU
		{421D2CAB-412B-481D-888F-E839945B6B9D}.Debug|Any CPU.ActiveCfg = Debug|Any CPU
		{421D2CAB-412B-481D-888F-E839945B6B9D}.Release|Any CPU.ActiveCfg = Release|Any CPU
		{421D2CAB-412B-481D-888F-E839945B6B9D}.Release|Any CPU.Build.0 = Release|Any CPU
	EndGlobalSection
	GlobalSection(SolutionProperties) = preSolution
		HideSolutionNode = FALSE
	EndGlobalSection
	GlobalSection(ExtensibilityGlobals) = postSolution
		SolutionGuid = {39E35D9A-FE26-4EAB-B3EC-8B65B52E11EE}
	EndGlobalSection
EndGlobal
