
Microsoft Visual Studio Solution File, Format Version 12.00
# Visual Studio 15
VisualStudioVersion = 15.0.28010.2019
MinimumVisualStudioVersion = 10.0.40219.1
Project("{FAE04EC0-301F-11D3-BF4B-00C04F79EFBC}") = "StrumentiMusicaliSql", "StrumentiMusicaliSql\StrumentiMusicaliSql.csproj", "{114B9DB5-6A31-4D89-BBB8-7AE7DD1A25C6}"
EndProject
Project("{FAE04EC0-301F-11D3-BF4B-00C04F79EFBC}") = "StrumentiMusicaliApp", "StrumentiMusicaliApp\StrumentiMusicaliApp.csproj", "{E6A4D0F6-DC39-431E-A562-AC0C4465BEA4}"
EndProject
Global
	GlobalSection(SolutionConfigurationPlatforms) = preSolution
		Debug|Any CPU = Debug|Any CPU
		Release|Any CPU = Release|Any CPU
	EndGlobalSection
	GlobalSection(ProjectConfigurationPlatforms) = postSolution
		{114B9DB5-6A31-4D89-BBB8-7AE7DD1A25C6}.Debug|Any CPU.ActiveCfg = Debug|Any CPU
		{114B9DB5-6A31-4D89-BBB8-7AE7DD1A25C6}.Debug|Any CPU.Build.0 = Debug|Any CPU
		{114B9DB5-6A31-4D89-BBB8-7AE7DD1A25C6}.Release|Any CPU.ActiveCfg = Release|Any CPU
		{114B9DB5-6A31-4D89-BBB8-7AE7DD1A25C6}.Release|Any CPU.Build.0 = Release|Any CPU
		{E6A4D0F6-DC39-431E-A562-AC0C4465BEA4}.Debug|Any CPU.ActiveCfg = Debug|Any CPU
		{E6A4D0F6-DC39-431E-A562-AC0C4465BEA4}.Debug|Any CPU.Build.0 = Debug|Any CPU
		{E6A4D0F6-DC39-431E-A562-AC0C4465BEA4}.Release|Any CPU.ActiveCfg = Release|Any CPU
		{E6A4D0F6-DC39-431E-A562-AC0C4465BEA4}.Release|Any CPU.Build.0 = Release|Any CPU
	EndGlobalSection
	GlobalSection(SolutionProperties) = preSolution
		HideSolutionNode = FALSE
	EndGlobalSection
	GlobalSection(ExtensibilityGlobals) = postSolution
		SolutionGuid = {39E35D9A-FE26-4EAB-B3EC-8B65B52E11EE}
	EndGlobalSection
EndGlobal
